
Microsoft Visual Studio Solution File, Format Version 12.00
# Visual Studio Version 17
VisualStudioVersion = 17.3.32825.248
MinimumVisualStudioVersion = 10.0.40219.1
Project("{FAE04EC0-301F-11D3-BF4B-00C04F79EFBC}") = "Lanches", "Lanches\Lanches.csproj", "{59AC1D4D-E684-43D6-9D4B-718315C83857}"
EndProject
Global
	GlobalSection(SolutionConfigurationPlatforms) = preSolution
		Debug|Any CPU = Debug|Any CPU
		Release|Any CPU = Release|Any CPU
	EndGlobalSection
	GlobalSection(ProjectConfigurationPlatforms) = postSolution
		{59AC1D4D-E684-43D6-9D4B-718315C83857}.Debug|Any CPU.ActiveCfg = Debug|Any CPU
		{59AC1D4D-E684-43D6-9D4B-718315C83857}.Debug|Any CPU.Build.0 = Debug|Any CPU
		{59AC1D4D-E684-43D6-9D4B-718315C83857}.Release|Any CPU.ActiveCfg = Release|Any CPU
		{59AC1D4D-E684-43D6-9D4B-718315C83857}.Release|Any CPU.Build.0 = Release|Any CPU
	EndGlobalSection
	GlobalSection(SolutionProperties) = preSolution
		HideSolutionNode = FALSE
	EndGlobalSection
	GlobalSection(ExtensibilityGlobals) = postSolution
		SolutionGuid = {D6F6BFAB-D416-41C7-A44A-707A7DA73F99}
	EndGlobalSection
EndGlobal
